
Microsoft Visual Studio Solution File, Format Version 12.00
# Visual Studio 15
VisualStudioVersion = 15.0.28307.168
MinimumVisualStudioVersion = 10.0.40219.1
Project("{FAE04EC0-301F-11D3-BF4B-00C04F79EFBC}") = "Minesweeper", "Minesweeper\Minesweeper.csproj", "{8E3DD7F5-9771-4D2B-8935-C81D512F4251}"
EndProject
Global
	GlobalSection(SolutionConfigurationPlatforms) = preSolution
		Debug|Any CPU = Debug|Any CPU
		Release|Any CPU = Release|Any CPU
	EndGlobalSection
	GlobalSection(ProjectConfigurationPlatforms) = postSolution
		{8E3DD7F5-9771-4D2B-8935-C81D512F4251}.Debug|Any CPU.ActiveCfg = Debug|Any CPU
		{8E3DD7F5-9771-4D2B-8935-C81D512F4251}.Debug|Any CPU.Build.0 = Debug|Any CPU
		{8E3DD7F5-9771-4D2B-8935-C81D512F4251}.Release|Any CPU.ActiveCfg = Release|Any CPU
		{8E3DD7F5-9771-4D2B-8935-C81D512F4251}.Release|Any CPU.Build.0 = Release|Any CPU
	EndGlobalSection
	GlobalSection(SolutionProperties) = preSolution
		HideSolutionNode = FALSE
	EndGlobalSection
	GlobalSection(ExtensibilityGlobals) = postSolution
		SolutionGuid = {4C4E7ADC-86BC-4F64-AC89-F4BA8068B43F}
	EndGlobalSection
EndGlobal
